uuid: 05d5c8ac-c2d8-48fc-a8f4-ad7b6630dec2
langcode: en
status: true
dependencies:
  config:
    - field.storage.node.field_content_block
    - node.type.health_care_region_detail_page
    - paragraphs.paragraphs_type.collapsible_panel
    - paragraphs.paragraphs_type.number_callout
    - paragraphs.paragraphs_type.process
    - paragraphs.paragraphs_type.q_a_section
    - paragraphs.paragraphs_type.react_widget
    - paragraphs.paragraphs_type.wysiwyg
  module:
    - entity_reference_revisions
id: node.health_care_region_detail_page.field_content_block
field_name: field_content_block
entity_type: node
bundle: health_care_region_detail_page
label: 'Main content'
description: ''
required: false
translatable: true
default_value: {  }
default_value_callback: ''
settings:
  handler: 'default:paragraph'
  handler_settings:
    negate: 0
    target_bundles:
      wysiwyg: wysiwyg
      number_callout: number_callout
      collapsible_panel: collapsible_panel
      q_a_section: q_a_section
      process: process
      react_widget: react_widget
    target_bundles_drag_drop:
      wysiwyg:
        enabled: true
        weight: -33
      number_callout:
        enabled: true
        weight: -32
      collapsible_panel:
        enabled: true
        weight: -31
      q_a_section:
        enabled: true
        weight: -30
      process:
        enabled: true
        weight: -29
      react_widget:
        enabled: true
        weight: -28
      address:
        weight: -27
        enabled: false
      alert:
        weight: -26
        enabled: false
      collapsible_panel_item:
        weight: -25
        enabled: false
      expandable_text:
        weight: -24
        enabled: false
      health_care_local_facility_servi:
        weight: -23
        enabled: false
      link_teaser:
        weight: -22
        enabled: false
      list_of_link_teasers:
        weight: -21
        enabled: false
      q_a:
        weight: -20
        enabled: false
      spanish_translation_summary:
        weight: -19
        enabled: false
      starred_horizontal_rule:
        weight: -18
        enabled: false
field_type: entity_reference_revisions
