uuid: dd4fe18b-fbfe-44f9-bcda-19db114a3aae
langcode: en
status: true
dependencies:
  module:
    - system
    - va_gov_build_trigger
  theme:
    - vagovadmin
id: content_release_status_block
theme: vagovadmin
region: content
weight: -14
provider: null
plugin: content_release_status_block
settings:
  id: broken
  label: 'Content release status'
  provider: va_gov_build_trigger
  label_display: visible
visibility:
  request_path:
    id: request_path
    pages: /admin/content/deploy
    negate: false
    context_mapping: {  }
