uuid: aa6df367-e4cc-45cd-921b-5668e6dae194
langcode: en
status: true
dependencies:
  content:
    - 'block_content:alert:8c57e1d8-7290-4ef6-bf13-bca4541df71a'
  module:
    - block_content
    - system
  theme:
    - vagovclaro
id: cmsannouncementblock
theme: vagovclaro
region: content
weight: -15
provider: null
plugin: 'block_content:8c57e1d8-7290-4ef6-bf13-bca4541df71a'
settings:
  id: 'block_content:8c57e1d8-7290-4ef6-bf13-bca4541df71a'
  label: 'CMS Announcement Block'
  provider: block_content
  label_display: visible
  status: true
  info: ''
  view_mode: full
visibility:
  request_path:
    id: request_path
    pages: '<front>'
    negate: false
