uuid: 05d5c8ac-c2d8-48fc-a8f4-ad7b6630dec2
langcode: en
status: true
dependencies:
  config:
    - field.storage.node.field_content_block
    - node.type.health_care_region_detail_page
    - paragraphs.paragraphs_type.alert
    - paragraphs.paragraphs_type.collapsible_panel
    - paragraphs.paragraphs_type.downloadable_file
    - paragraphs.paragraphs_type.list_of_link_teasers
    - paragraphs.paragraphs_type.media
    - paragraphs.paragraphs_type.number_callout
    - paragraphs.paragraphs_type.process
    - paragraphs.paragraphs_type.q_a_section
    - paragraphs.paragraphs_type.react_widget
    - paragraphs.paragraphs_type.spanish_translation_summary
    - paragraphs.paragraphs_type.staff_profile
    - paragraphs.paragraphs_type.table
    - paragraphs.paragraphs_type.wysiwyg
  module:
    - entity_reference_revisions
id: node.health_care_region_detail_page.field_content_block
field_name: field_content_block
entity_type: node
bundle: health_care_region_detail_page
label: 'Main content'
description: 'The main body of the page, which appears below the featured content.'
required: false
translatable: true
default_value: {  }
default_value_callback: ''
settings:
  handler: 'default:paragraph'
  handler_settings:
    target_bundles:
      wysiwyg: wysiwyg
      number_callout: number_callout
      collapsible_panel: collapsible_panel
      q_a_section: q_a_section
      process: process
      react_widget: react_widget
      list_of_link_teasers: list_of_link_teasers
      spanish_translation_summary: spanish_translation_summary
      alert: alert
      staff_profile: staff_profile
      table: table
      media: media
      downloadable_file: downloadable_file
    negate: 0
    target_bundles_drag_drop:
      address:
        weight: -31
        enabled: false
      alert:
        weight: -35
        enabled: true
      button:
        weight: 35
        enabled: false
      checklist:
        weight: 36
        enabled: false
      checklist_item:
        weight: 37
        enabled: false
      collapsible_panel:
        weight: -41
        enabled: true
      collapsible_panel_item:
        weight: -30
        enabled: false
      downloadable_file:
        weight: 23
        enabled: true
      expandable_text:
        weight: -32
        enabled: false
      health_care_local_facility_servi:
        weight: -29
        enabled: false
      link_teaser:
        weight: -28
        enabled: false
      list_of_link_teasers:
        weight: -37
        enabled: true
      list_of_links:
        weight: 45
        enabled: false
      lists_of_links:
        weight: 44
        enabled: false
      media:
        weight: -25
        enabled: true
      number_callout:
        weight: -42
        enabled: true
      phone_number:
        weight: 49
        enabled: false
      process:
        weight: -39
        enabled: true
      q_a:
        weight: -27
        enabled: false
      q_a_group:
        weight: 52
        enabled: false
      q_a_section:
        weight: -40
        enabled: true
      react_widget:
        weight: -38
        enabled: true
      service_location:
        weight: 55
        enabled: false
      service_location_address:
        weight: 56
        enabled: false
      situation_update:
        weight: 57
        enabled: false
      spanish_translation_summary:
        weight: -36
        enabled: true
      staff_profile:
        weight: -34
        enabled: true
      starred_horizontal_rule:
        weight: -26
        enabled: false
      step:
        weight: 61
        enabled: false
      step_by_step:
        weight: 62
        enabled: false
      table:
        weight: -33
        enabled: true
      wysiwyg:
        weight: -43
        enabled: true
field_type: entity_reference_revisions
