uuid: e61f62dd-4c37-401a-b791-bc04f4b0c38f
langcode: en
status: true
dependencies:
  config:
    - field.storage.node.field_content_block
    - node.type.vamc_top_task_page
    - paragraphs.paragraphs_type.reusable_national_content
  module:
    - entity_reference_revisions
id: node.vamc_top_task_page.field_content_block
field_name: field_content_block
entity_type: node
bundle: vamc_top_task_page
label: 'Main content'
description: 'Used to mix national, non-editable content (some of which is tokenized to display current system name) with custom, system level content.'
required: false
translatable: true
default_value: {  }
default_value_callback: ''
settings:
  handler: 'default:paragraph'
  handler_settings:
    negate: 0
    target_bundles:
      reusable_national_content: reusable_national_content
    target_bundles_drag_drop:
      wysiwyg:
        weight: -43
        enabled: false
      number_callout:
        weight: -42
        enabled: false
      collapsible_panel:
        weight: -41
        enabled: false
      q_a_section:
        weight: -40
        enabled: false
      process:
        weight: -39
        enabled: false
      react_widget:
        weight: -38
        enabled: false
      list_of_link_teasers:
        weight: -37
        enabled: false
      spanish_translation_summary:
        weight: -36
        enabled: false
      alert:
        weight: -35
        enabled: false
      staff_profile:
        weight: -34
        enabled: false
      table:
        weight: -33
        enabled: false
      expandable_text:
        weight: -32
        enabled: false
      address:
        weight: -31
        enabled: false
      collapsible_panel_item:
        weight: -30
        enabled: false
      health_care_local_facility_servi:
        weight: -29
        enabled: false
      link_teaser:
        weight: -28
        enabled: false
      q_a:
        weight: -27
        enabled: false
      starred_horizontal_rule:
        weight: -26
        enabled: false
      media:
        weight: -25
        enabled: false
      downloadable_file:
        weight: 23
        enabled: false
      reusable_national_content:
        enabled: true
        weight: 38
      situation_update:
        weight: 39
        enabled: false
field_type: entity_reference_revisions
