uuid: 1627fcc0-b50c-451d-87d0-c33ecfffb033
langcode: en
status: true
dependencies:
  config:
    - field.storage.node.field_content_block
    - node.type.page
    - paragraphs.paragraphs_type.alert
    - paragraphs.paragraphs_type.collapsible_panel
    - paragraphs.paragraphs_type.downloadable_file
    - paragraphs.paragraphs_type.list_of_link_teasers
    - paragraphs.paragraphs_type.lists_of_links
    - paragraphs.paragraphs_type.media
    - paragraphs.paragraphs_type.number_callout
    - paragraphs.paragraphs_type.process
    - paragraphs.paragraphs_type.q_a_group
    - paragraphs.paragraphs_type.q_a_section
    - paragraphs.paragraphs_type.react_widget
    - paragraphs.paragraphs_type.spanish_translation_summary
    - paragraphs.paragraphs_type.table
    - paragraphs.paragraphs_type.wysiwyg
  module:
    - entity_reference_revisions
    - tmgmt_content
third_party_settings:
  tmgmt_content:
    excluded: false
id: node.page.field_content_block
field_name: field_content_block
entity_type: node
bundle: page
label: 'Main content'
description: 'The main body of the page, which appears below the featured content.'
required: true
translatable: false
default_value: {  }
default_value_callback: ''
settings:
  handler: 'default:paragraph'
  handler_settings:
    target_bundles:
      table: table
      react_widget: react_widget
      list_of_link_teasers: list_of_link_teasers
      wysiwyg: wysiwyg
      alert: alert
      q_a_section: q_a_section
      process: process
      spanish_translation_summary: spanish_translation_summary
      collapsible_panel: collapsible_panel
      number_callout: number_callout
      media: media
      downloadable_file: downloadable_file
      lists_of_links: lists_of_links
      q_a_group: q_a_group
    negate: 0
    target_bundles_drag_drop:
      address:
        weight: -22
        enabled: false
      alert:
        weight: -30
        enabled: true
      alert_single:
        weight: 47
        enabled: false
      audience_topics:
        weight: 48
        enabled: false
      basic_accordion:
        weight: 49
        enabled: false
      button:
        weight: 35
        enabled: false
      centralized_content_descriptor:
        weight: 51
        enabled: false
      checklist:
        weight: 36
        enabled: false
      checklist_item:
        weight: 37
        enabled: false
      collapsible_panel:
        weight: -27
        enabled: true
      collapsible_panel_item:
        weight: -25
        enabled: false
      contact_information:
        weight: 56
        enabled: false
      downloadable_file:
        weight: 23
        enabled: true
      email_contact:
        weight: 58
        enabled: false
      embedded_video:
        weight: 59
        enabled: false
      expandable_text:
        weight: -20
        enabled: false
      featured_content:
        weight: 61
        enabled: false
      health_care_local_facility_servi:
        weight: -25
        enabled: false
      link_teaser:
        weight: -24
        enabled: false
      link_teaser_with_image:
        weight: 64
        enabled: false
      list_of_link_teasers:
        weight: -31
        enabled: true
      list_of_links:
        weight: 45
        enabled: false
      lists_of_links:
        weight: 44
        enabled: true
      media:
        weight: -24
        enabled: true
      media_list_images:
        weight: 69
        enabled: false
      media_list_videos:
        weight: 70
        enabled: false
      non_reusable_alert:
        weight: 71
        enabled: false
      number_callout:
        weight: -26
        enabled: true
      phone_number:
        weight: 49
        enabled: false
      process:
        weight: -29
        enabled: true
      q_a:
        weight: -18
        enabled: false
      q_a_group:
        weight: 52
        enabled: true
      q_a_section:
        weight: -30
        enabled: true
      react_widget:
        weight: -32
        enabled: true
      rich_text_char_limit_1000:
        weight: 79
        enabled: false
      service_location:
        weight: 55
        enabled: false
      service_location_address:
        weight: 56
        enabled: false
      situation_update:
        weight: 57
        enabled: false
      spanish_translation_summary:
        weight: -28
        enabled: true
      staff_profile:
        weight: 39
        enabled: false
      step:
        weight: 61
        enabled: false
      step_by_step:
        weight: 62
        enabled: false
      table:
        weight: -35
        enabled: true
      wysiwyg:
        weight: -31
        enabled: true
field_type: entity_reference_revisions
