uuid: 1627fcc0-b50c-451d-87d0-c33ecfffb033
langcode: en
status: true
dependencies:
  config:
    - field.storage.node.field_content_block
    - node.type.page
    - paragraphs.paragraphs_type.collapsible_panel
    - paragraphs.paragraphs_type.list_of_link_teasers
    - paragraphs.paragraphs_type.process
    - paragraphs.paragraphs_type.q_a_section
    - paragraphs.paragraphs_type.react_widget
    - paragraphs.paragraphs_type.spanish_translation_summary
    - paragraphs.paragraphs_type.wysiwyg
  module:
    - entity_reference_revisions
id: node.page.field_content_block
field_name: field_content_block
entity_type: node
bundle: page
label: 'Main content'
description: "You can create your main content using one or more of these options:
      <ul><li>Use <em>WYSIWYG</em> for simple formatted text, including lists.</li>
      <li>Use <em>Q&A Section</em> for content that contains a single or multiple question-and-answers.</li>
      <li>Use <em>Process</em> to explain a list of numbered steps.</li>
      <li>Use <em>Spanish summary</em> to include a brief spanish-language summary of the content.</li>
      <li>Use <em>Accordion Group</em> to create a group of accordions that can store detailed content in collapsible sections. Do <em>not</em> use <em>Accordion Group</em> for a series of Q&As (use Q&A Section for that, there is an option to format the section as a group of accordions)</li>
      <li>Use <em>React Widget</em> if you are an advanced editor and you want to place a react widget on the page. </li></ul>"
required: true
translatable: false
default_value: {  }
default_value_callback: ''
settings:
  handler: 'default:paragraph'
  handler_settings:
    negate: 0
    target_bundles:
      wysiwyg: wysiwyg
      q_a_section: q_a_section
      process: process
      spanish_translation_summary: spanish_translation_summary
      collapsible_panel: collapsible_panel
      react_widget: react_widget
      list_of_link_teasers: list_of_link_teasers
    target_bundles_drag_drop:
      wysiwyg:
        enabled: true
        weight: -31
      q_a_section:
        enabled: true
        weight: -30
      process:
        enabled: true
        weight: -29
      spanish_translation_summary:
        enabled: true
        weight: -28
      collapsible_panel:
        enabled: true
        weight: -27
      react_widget:
        enabled: true
        weight: -26
      collapsible_panel_item:
        weight: -25
        enabled: false
      link_teaser:
        weight: -24
        enabled: false
      list_of_link_teasers:
        enabled: true
        weight: -23
      address:
        weight: -22
        enabled: false
      alert:
        weight: -21
        enabled: false
      expandable_text:
        weight: -20
        enabled: false
      starred_horizontal_rule:
        weight: -19
        enabled: false
      q_a:
        weight: -18
        enabled: false
      number_callout:
        weight: -17
        enabled: false
field_type: entity_reference_revisions
