uuid: a73622ef-3922-4a40-9eb5-09991ebc65d4
langcode: en
status: true
dependencies:
  config:
    - field.storage.node.field_content_block
    - node.type.documentation_page
    - paragraphs.paragraphs_type.alert
    - paragraphs.paragraphs_type.collapsible_panel
    - paragraphs.paragraphs_type.downloadable_file
    - paragraphs.paragraphs_type.expandable_text
    - paragraphs.paragraphs_type.list_of_link_teasers
    - paragraphs.paragraphs_type.lists_of_links
    - paragraphs.paragraphs_type.media
    - paragraphs.paragraphs_type.media_list_videos
    - paragraphs.paragraphs_type.process
    - paragraphs.paragraphs_type.q_a_section
    - paragraphs.paragraphs_type.table
    - paragraphs.paragraphs_type.wysiwyg
  module:
    - entity_reference_revisions
id: node.documentation_page.field_content_block
field_name: field_content_block
entity_type: node
bundle: documentation_page
label: 'Main content'
description: ''
required: false
translatable: true
default_value: {  }
default_value_callback: ''
settings:
  handler: 'default:paragraph'
  handler_settings:
    negate: 0
    target_bundles:
      wysiwyg: wysiwyg
      q_a_section: q_a_section
      media: media
      process: process
      collapsible_panel: collapsible_panel
      alert: alert
      expandable_text: expandable_text
      list_of_link_teasers: list_of_link_teasers
      downloadable_file: downloadable_file
      lists_of_links: lists_of_links
      table: table
      media_list_videos: media_list_videos
    target_bundles_drag_drop:
      address:
        weight: -32
        enabled: false
      alert:
        enabled: true
        weight: -31
      alert_single:
        weight: 44
        enabled: false
      audience_topics:
        weight: 45
        enabled: false
      button:
        weight: 46
        enabled: false
      checklist:
        weight: 47
        enabled: false
      checklist_item:
        weight: 48
        enabled: false
      collapsible_panel:
        enabled: true
        weight: -33
      collapsible_panel_item:
        weight: -30
        enabled: false
      contact_information:
        weight: 51
        enabled: false
      downloadable_file:
        enabled: true
        weight: 26
      email_contact:
        weight: 53
        enabled: false
      expandable_text:
        enabled: true
        weight: -29
      health_care_local_facility_servi:
        weight: -28
        enabled: false
      link_teaser:
        weight: -27
        enabled: false
      link_teaser_with_image:
        weight: 57
        enabled: false
      list_of_link_teasers:
        enabled: true
        weight: -26
      list_of_links:
        weight: 34
        enabled: false
      lists_of_links:
        enabled: true
        weight: 34
      media:
        enabled: true
        weight: -35
      media_list_images:
        weight: 62
        enabled: false
      media_list_videos:
        enabled: true
        weight: 63
      non_reusable_alert:
        weight: 64
        enabled: false
      number_callout:
        weight: -24
        enabled: false
      phone_number:
        weight: 34
        enabled: false
      process:
        enabled: true
        weight: -34
      q_a:
        weight: -23
        enabled: false
      q_a_group:
        weight: 69
        enabled: false
      q_a_section:
        enabled: true
        weight: -36
      react_widget:
        weight: -22
        enabled: false
      rich_text_char_limit_1000:
        weight: 72
        enabled: false
      service_location:
        weight: 73
        enabled: false
      service_location_address:
        weight: 74
        enabled: false
      situation_update:
        weight: 37
        enabled: false
      spanish_translation_summary:
        weight: -21
        enabled: false
      staff_profile:
        weight: 39
        enabled: false
      starred_horizontal_rule:
        weight: -20
        enabled: false
      step:
        weight: 79
        enabled: false
      step_by_step:
        weight: 80
        enabled: false
      table:
        enabled: true
        weight: 41
      wysiwyg:
        enabled: true
        weight: -37
field_type: entity_reference_revisions
