uuid: 1627fcc0-b50c-451d-87d0-c33ecfffb033
langcode: en
status: true
dependencies:
  config:
    - field.storage.node.field_content_block
    - node.type.page
  module:
    - entity_reference_revisions
id: node.page.field_content_block
field_name: field_content_block
entity_type: node
bundle: page
label: 'Content blocks'
description: ''
required: false
translatable: false
default_value: {  }
default_value_callback: ''
settings:
  handler: 'default:paragraph'
  handler_settings:
    negate: 1
    target_bundles: null
    target_bundles_drag_drop:
      collapsible_panel:
        weight: 3
        enabled: false
      collapsible_panel_item:
        weight: 4
        enabled: false
field_type: entity_reference_revisions
