uuid: eec07491-cf24-47e4-b5a6-02fa14a22dc0
langcode: en
status: true
dependencies:
  module:
    - block
    - jsonapi_defaults
third_party_settings:
  jsonapi_defaults:
    page_limit: 50
id: block--block
disabled: false
path: block/block
resourceType: block
resourceFields:
  uuid:
    disabled: false
    fieldName: uuid
    publicName: uuid
    enhancer:
      id: ''
  langcode:
    disabled: false
    fieldName: langcode
    publicName: langcode
    enhancer:
      id: ''
  status:
    disabled: false
    fieldName: status
    publicName: status
    enhancer:
      id: ''
  dependencies:
    disabled: false
    fieldName: dependencies
    publicName: dependencies
    enhancer:
      id: ''
  third_party_settings:
    disabled: false
    fieldName: third_party_settings
    publicName: third_party_settings
    enhancer:
      id: ''
  _core:
    disabled: true
    fieldName: _core
    publicName: _core
    enhancer:
      id: ''
  id:
    disabled: false
    fieldName: id
    publicName: id
    enhancer:
      id: ''
  theme:
    disabled: false
    fieldName: theme
    publicName: theme
    enhancer:
      id: ''
  region:
    disabled: false
    fieldName: region
    publicName: region
    enhancer:
      id: ''
  weight:
    disabled: false
    fieldName: weight
    publicName: weight
    enhancer:
      id: ''
  provider:
    disabled: false
    fieldName: provider
    publicName: provider
    enhancer:
      id: ''
  plugin:
    disabled: false
    fieldName: plugin
    publicName: plugin
    enhancer:
      id: ''
  settings:
    disabled: false
    fieldName: settings
    publicName: settings
    enhancer:
      id: ''
  visibility:
    disabled: false
    fieldName: visibility
    publicName: visibility
    enhancer:
      id: ''
