uuid: c853c4c5-c15a-4993-bcd7-d34d273d95ca
langcode: en
status: true
dependencies:
  enforced:
    module:
      - va_gov_migrate
_core:
  default_config_hash: zWAvjvaL92dzyAAcQRQGc_jt4QQ1Nn2sjR5Xc1VFR1s
id: va_alert_block
class: null
field_plugin_method: null
cck_plugin_method: null
migration_tags: null
migration_group: va_gov
label: 'Migrate alert blocks from VA.gov'
source:
  plugin: alert_block
  urls:
    - 'https://github.com/department-of-veterans-affairs/vagov-content/tree/master/pages/health-care'
  fields:
    - alert_type
    - alert_title
process:
  info: alert_title
  field_alert_title: alert_title
  field_alert_type: alert_type
  moderation_state:
    plugin: default_value
    default_value: published
  type:
    plugin: default_value
    default_value: alert
destination:
  plugin: 'entity:block_content'
migration_dependencies: {  }
